
Microsoft Visual Studio Solution File, Format Version 12.00
# Visual Studio Version 16
VisualStudioVersion = 16.0.31515.178
MinimumVisualStudioVersion = 10.0.40219.1
Project("{FAE04EC0-301F-11D3-BF4B-00C04F79EFBC}") = "TestAPI", "TestAPI\TestAPI.csproj", "{44962F95-E6DB-4A97-A0D2-0B0E1909B543}"
EndProject
Project("{FAE04EC0-301F-11D3-BF4B-00C04F79EFBC}") = "GmailAPI", "GmailAPI\GmailAPI.csproj", "{86488F89-3A55-4567-828B-F7F908300117}"
EndProject
Project("{FAE04EC0-301F-11D3-BF4B-00C04F79EFBC}") = "Mailinator", "Mailinator\Mailinator.csproj", "{88BB44BB-09AA-479D-AEE9-D0D162DB9411}"
EndProject
Global
	GlobalSection(SolutionConfigurationPlatforms) = preSolution
		Debug|Any CPU = Debug|Any CPU
		Release|Any CPU = Release|Any CPU
	EndGlobalSection
	GlobalSection(ProjectConfigurationPlatforms) = postSolution
		{44962F95-E6DB-4A97-A0D2-0B0E1909B543}.Debug|Any CPU.ActiveCfg = Debug|Any CPU
		{44962F95-E6DB-4A97-A0D2-0B0E1909B543}.Debug|Any CPU.Build.0 = Debug|Any CPU
		{44962F95-E6DB-4A97-A0D2-0B0E1909B543}.Release|Any CPU.ActiveCfg = Release|Any CPU
		{44962F95-E6DB-4A97-A0D2-0B0E1909B543}.Release|Any CPU.Build.0 = Release|Any CPU
		{86488F89-3A55-4567-828B-F7F908300117}.Debug|Any CPU.ActiveCfg = Debug|Any CPU
		{86488F89-3A55-4567-828B-F7F908300117}.Debug|Any CPU.Build.0 = Debug|Any CPU
		{86488F89-3A55-4567-828B-F7F908300117}.Release|Any CPU.ActiveCfg = Release|Any CPU
		{86488F89-3A55-4567-828B-F7F908300117}.Release|Any CPU.Build.0 = Release|Any CPU
		{88BB44BB-09AA-479D-AEE9-D0D162DB9411}.Debug|Any CPU.ActiveCfg = Debug|Any CPU
		{88BB44BB-09AA-479D-AEE9-D0D162DB9411}.Debug|Any CPU.Build.0 = Debug|Any CPU
		{88BB44BB-09AA-479D-AEE9-D0D162DB9411}.Release|Any CPU.ActiveCfg = Release|Any CPU
		{88BB44BB-09AA-479D-AEE9-D0D162DB9411}.Release|Any CPU.Build.0 = Release|Any CPU
	EndGlobalSection
	GlobalSection(SolutionProperties) = preSolution
		HideSolutionNode = FALSE
	EndGlobalSection
	GlobalSection(ExtensibilityGlobals) = postSolution
		SolutionGuid = {A500190A-E0CD-431B-9006-EF49A4673AA4}
	EndGlobalSection
EndGlobal
